
Microsoft Visual Studio Solution File, Format Version 12.00
# Visual Studio Version 16
VisualStudioVersion = 16.0.30523.141
MinimumVisualStudioVersion = 10.0.40219.1
Project("{9A19103F-16F7-4668-BE54-9A1E7A4F7556}") = "AccountDetails.API", "AccountDetails.API.csproj", "{338B8A19-B27F-4C98-A57F-8EF72FAF4098}"
EndProject
Global
	GlobalSection(SolutionConfigurationPlatforms) = preSolution
		Debug|Any CPU = Debug|Any CPU
		Release|Any CPU = Release|Any CPU
	EndGlobalSection
	GlobalSection(ProjectConfigurationPlatforms) = postSolution
		{338B8A19-B27F-4C98-A57F-8EF72FAF4098}.Debug|Any CPU.ActiveCfg = Debug|Any CPU
		{338B8A19-B27F-4C98-A57F-8EF72FAF4098}.Debug|Any CPU.Build.0 = Debug|Any CPU
		{338B8A19-B27F-4C98-A57F-8EF72FAF4098}.Release|Any CPU.ActiveCfg = Release|Any CPU
		{338B8A19-B27F-4C98-A57F-8EF72FAF4098}.Release|Any CPU.Build.0 = Release|Any CPU
	EndGlobalSection
	GlobalSection(SolutionProperties) = preSolution
		HideSolutionNode = FALSE
	EndGlobalSection
	GlobalSection(ExtensibilityGlobals) = postSolution
		SolutionGuid = {81CD7DA4-FA1F-4468-820D-87EC5DE3475D}
	EndGlobalSection
EndGlobal
